# This file was autogenerated by Stack.
# You should not edit this file by hand.
# For more information, please see the documentation at:
#   https://docs.haskellstack.org/en/stable/lock_files

packages: []
snapshots:
- completed:
    sha256: 54e2d92fba7e5d56a9e1c1f173be9258ffcbbf8bd7087c1848c2feafe31881e6
    size: 608629
    url: https://raw.githubusercontent.com/commercialhaskell/stackage-snapshots/master/nightly/2023/4/18.yaml
  original: nightly-2023-04-18
